<?xml version="1.0" encoding="utf-8"?>
<Project ToolsVersion="4.0" xmlns="http://schemas.microsoft.com/developer/msbuild/2003">
  <ItemGroup>
    <Filter Include="Source Files">
      <UniqueIdentifier>{4FC737F1-C7A5-4376-A066-2A32D752A2FF}</UniqueIdentifier>
      <Extensions>cpp;c;cc;cxx;def;odl;idl;hpj;bat;asm;asmx</Extensions>
    </Filter>
    <Filter Include="Header Files">
      <UniqueIdentifier>{93995380-89BD-4b04-88EB-625FBE52EBFB}</UniqueIdentifier>
      <Extensions>h;hh;hpp;hxx;hm;inl;inc;ipp;xsd</Extensions>
    </Filter>
    <Filter Include="Resource Files">
      <UniqueIdentifier>{67DA6AB6-F800-4c08-8B7A-83BB121AAD01}</UniqueIdentifier>
      <Extensions>rc;ico;cur;bmp;dlg;rc2;rct;bin;rgs;gif;jpg;jpeg;jpe;resx;tiff;tif;png;wav;mfcribbon-ms</Extensions>
    </Filter>
    <Filter Include="Source Files\Inventory">
      <UniqueIdentifier>{1fd9793d-8183-4373-8c6c-594d50a630c5}</UniqueIdentifier>
    </Filter>
    <Filter Include="Source Files\Items">
      <UniqueIdentifier>{19d1cacb-5c78-40d4-ad5e-e029cbdd1226}</UniqueIdentifier>
    </Filter>
    <Filter Include="Source Files\Backpack">
      <UniqueIdentifier>{5ed1ce25-9245-4ccf-b7e3-f674de8405a1}</UniqueIdentifier>
    </Filter>
    <Filter Include="Header Files\Inventory">
      <UniqueIdentifier>{9d577225-d0f7-4b96-aaac-fc990b1934ab}</UniqueIdentifier>
    </Filter>
    <Filter Include="Header Files\Items">
      <UniqueIdentifier>{ff529615-ec44-4eaa-a6a9-a96797d0da45}</UniqueIdentifier>
    </Filter>
    <Filter Include="Header Files\Backpack">
      <UniqueIdentifier>{e5a2d47d-4a97-41ff-b3c3-6f11a5115bf1}</UniqueIdentifier>
    </Filter>
    <Filter Include="Source Files\Main">
      <UniqueIdentifier>{f1af73ef-bc76-4036-903c-c38928c89fd4}</UniqueIdentifier>
    </Filter>
    <Filter Include="Header Files\Main">
      <UniqueIdentifier>{d1dc85d3-4a96-45a0-ab72-93aa68319054}</UniqueIdentifier>
    </Filter>
    <Filter Include="Source Files\Main\Potions">
      <UniqueIdentifier>{e2ffceb3-97d8-4d20-98d5-8d33d92bbe5a}</UniqueIdentifier>
    </Filter>
    <Filter Include="Header Files\Main\Potions">
      <UniqueIdentifier>{0bab77fe-39ae-4825-8730-6b81a24c87a7}</UniqueIdentifier>
    </Filter>
    <Filter Include="Source Files\Main\Weapons">
      <UniqueIdentifier>{0c6dd9db-b696-451b-a190-fe4c558337b9}</UniqueIdentifier>
    </Filter>
    <Filter Include="Header Files\Main\Weapons">
      <UniqueIdentifier>{fa402ac0-a553-44da-8a30-c7232b613847}</UniqueIdentifier>
    </Filter>
    <Filter Include="Header Files\Main\Equipments">
      <UniqueIdentifier>{5435a500-53c5-4612-9312-1e988f1e6300}</UniqueIdentifier>
    </Filter>
    <Filter Include="Source Files\Main\Equipments">
      <UniqueIdentifier>{6d777a56-b5d9-4e58-8feb-024c4579ea13}</UniqueIdentifier>
    </Filter>
    <Filter Include="Source Files\Main\Clothes">
      <UniqueIdentifier>{c250f80e-d2e5-4a9e-8c55-478968336e8c}</UniqueIdentifier>
    </Filter>
    <Filter Include="Header Files\Main\Clothes">
      <UniqueIdentifier>{330ab112-333a-4527-82a7-c6a6a24e4c7b}</UniqueIdentifier>
    </Filter>
    <Filter Include="Header Files\Main\Coins">
      <UniqueIdentifier>{7d01d77c-2979-4f41-ae53-b50fd82f0a68}</UniqueIdentifier>
    </Filter>
    <Filter Include="Source Files\Main\Coins">
      <UniqueIdentifier>{3fe25114-9237-4d17-9cd0-b9c036a6062f}</UniqueIdentifier>
    </Filter>
  </ItemGroup>
  <ItemGroup>
    <ClCompile Include="Inventory\BinarySearchTree.cpp">
      <Filter>Source Files\Inventory</Filter>
    </ClCompile>
    <ClCompile Include="Inventory\Inventory.cpp">
      <Filter>Source Files\Inventory</Filter>
    </ClCompile>
    <ClCompile Include="Inventory\TreeData.cpp">
      <Filter>Source Files\Inventory</Filter>
    </ClCompile>
    <ClCompile Include="Items\Item.cpp">
      <Filter>Source Files\Items</Filter>
    </ClCompile>
    <ClCompile Include="Items\WeaponBase.cpp">
      <Filter>Source Files\Items</Filter>
    </ClCompile>
    <ClCompile Include="Items\ClothBase.cpp">
      <Filter>Source Files\Items</Filter>
    </ClCompile>
    <ClCompile Include="Items\CoinBase.cpp">
      <Filter>Source Files\Items</Filter>
    </ClCompile>
    <ClCompile Include="Items\EquipmentBase.cpp">
      <Filter>Source Files\Items</Filter>
    </ClCompile>
    <ClCompile Include="Items\PotionBase.cpp">
      <Filter>Source Files\Items</Filter>
    </ClCompile>
    <ClCompile Include="TestMain\Potions\BigHPPotion.cpp">
      <Filter>Source Files\Main\Potions</Filter>
    </ClCompile>
    <ClCompile Include="TestMain\Potions\BigMPPotion.cpp">
      <Filter>Source Files\Main\Potions</Filter>
    </ClCompile>
    <ClCompile Include="TestMain\Potions\LittleHPPotion.cpp">
      <Filter>Source Files\Main\Potions</Filter>
    </ClCompile>
    <ClCompile Include="TestMain\Potions\LittleMPPotion.cpp">
      <Filter>Source Files\Main\Potions</Filter>
    </ClCompile>
    <ClCompile Include="TestMain\Potions\MiddleHPPotion.cpp">
      <Filter>Source Files\Main\Potions</Filter>
    </ClCompile>
    <ClCompile Include="TestMain\Potions\MiddleMPPotion.cpp">
      <Filter>Source Files\Main\Potions</Filter>
    </ClCompile>
    <ClCompile Include="TestMain\main.cpp">
      <Filter>Source Files\Main</Filter>
    </ClCompile>
    <ClCompile Include="Backpack\Backpack.cpp">
      <Filter>Source Files\Backpack</Filter>
    </ClCompile>
    <ClCompile Include="Backpack\ArrayData.cpp">
      <Filter>Source Files\Backpack</Filter>
    </ClCompile>
    <ClCompile Include="Items\ItemFactory.cpp">
      <Filter>Source Files\Items</Filter>
    </ClCompile>
    <ClCompile Include="TestMain\ItemManager.cpp">
      <Filter>Source Files\Main</Filter>
    </ClCompile>
    <ClCompile Include="TestMain\Weapons\MagicSword.cpp">
      <Filter>Source Files\Main\Weapons</Filter>
    </ClCompile>
    <ClCompile Include="TestMain\Weapons\OldSword.cpp">
      <Filter>Source Files\Main\Weapons</Filter>
    </ClCompile>
    <ClCompile Include="TestMain\Weapons\RusstyAxe.cpp">
      <Filter>Source Files\Main\Weapons</Filter>
    </ClCompile>
    <ClCompile Include="TestMain\Equipments\CopperRing.cpp">
      <Filter>Source Files\Main\Equipments</Filter>
    </ClCompile>
    <ClCompile Include="TestMain\Equipments\GoldRing.cpp">
      <Filter>Source Files\Main\Equipments</Filter>
    </ClCompile>
    <ClCompile Include="TestMain\Equipments\SilverRing.cpp">
      <Filter>Source Files\Main\Equipments</Filter>
    </ClCompile>
    <ClCompile Include="TestMain\Clothes\CuteSkirt.cpp">
      <Filter>Source Files\Main\Clothes</Filter>
    </ClCompile>
    <ClCompile Include="TestMain\Clothes\IronArmour.cpp">
      <Filter>Source Files\Main\Clothes</Filter>
    </ClCompile>
    <ClCompile Include="TestMain\Clothes\OldRobe.cpp">
      <Filter>Source Files\Main\Clothes</Filter>
    </ClCompile>
    <ClCompile Include="TestMain\Coins\GoldCoin.cpp">
      <Filter>Source Files\Main\Coins</Filter>
    </ClCompile>
    <ClCompile Include="TestMain\Coins\SilverCoin.cpp">
      <Filter>Source Files\Main\Coins</Filter>
    </ClCompile>
    <ClCompile Include="TestMain\Potions\SuperHPPotion.cpp">
      <Filter>Source Files\Main\Potions</Filter>
    </ClCompile>
    <ClCompile Include="TestMain\Potions\SuperMPPotion.cpp">
      <Filter>Source Files\Main\Potions</Filter>
    </ClCompile>
  </ItemGroup>
  <ItemGroup>
    <ClInclude Include="Inventory\BinarySearchTree.h">
      <Filter>Header Files\Inventory</Filter>
    </ClInclude>
    <ClInclude Include="Inventory\Inventory.h">
      <Filter>Header Files\Inventory</Filter>
    </ClInclude>
    <ClInclude Include="Inventory\TreeData.h">
      <Filter>Header Files\Inventory</Filter>
    </ClInclude>
    <ClInclude Include="Items\Item.h">
      <Filter>Header Files\Items</Filter>
    </ClInclude>
    <ClInclude Include="Items\WeaponBase.h">
      <Filter>Header Files\Items</Filter>
    </ClInclude>
    <ClInclude Include="Items\ClothBase.h">
      <Filter>Header Files\Items</Filter>
    </ClInclude>
    <ClInclude Include="Items\CoinBase.h">
      <Filter>Header Files\Items</Filter>
    </ClInclude>
    <ClInclude Include="Items\EquipmentBase.h">
      <Filter>Header Files\Items</Filter>
    </ClInclude>
    <ClInclude Include="Items\PotionBase.h">
      <Filter>Header Files\Items</Filter>
    </ClInclude>
    <ClInclude Include="TestMain\Potions\BigHPPotion.h">
      <Filter>Header Files\Main\Potions</Filter>
    </ClInclude>
    <ClInclude Include="TestMain\Potions\BigMPPotion.h">
      <Filter>Header Files\Main\Potions</Filter>
    </ClInclude>
    <ClInclude Include="TestMain\Potions\LittleHPPotion.h">
      <Filter>Header Files\Main\Potions</Filter>
    </ClInclude>
    <ClInclude Include="TestMain\Potions\LittleMPPotion.h">
      <Filter>Header Files\Main\Potions</Filter>
    </ClInclude>
    <ClInclude Include="TestMain\Potions\MiddleHPPotion.h">
      <Filter>Header Files\Main\Potions</Filter>
    </ClInclude>
    <ClInclude Include="TestMain\Potions\MiddleMPPotion.h">
      <Filter>Header Files\Main\Potions</Filter>
    </ClInclude>
    <ClInclude Include="TestMain\Potions\Potions.h">
      <Filter>Header Files\Main\Potions</Filter>
    </ClInclude>
    <ClInclude Include="Backpack\Backpack.h">
      <Filter>Header Files\Backpack</Filter>
    </ClInclude>
    <ClInclude Include="Backpack\ArrayData.h">
      <Filter>Header Files\Backpack</Filter>
    </ClInclude>
    <ClInclude Include="Items\ItemFactory.h">
      <Filter>Header Files\Items</Filter>
    </ClInclude>
    <ClInclude Include="TestMain\ItemManager.h">
      <Filter>Header Files\Main</Filter>
    </ClInclude>
    <ClInclude Include="TestMain\Weapons\MagicSword.h">
      <Filter>Header Files\Main\Weapons</Filter>
    </ClInclude>
    <ClInclude Include="TestMain\Weapons\OldSword.h">
      <Filter>Header Files\Main\Weapons</Filter>
    </ClInclude>
    <ClInclude Include="TestMain\Weapons\RusstyAxe.h">
      <Filter>Header Files\Main\Weapons</Filter>
    </ClInclude>
    <ClInclude Include="TestMain\Equipments\CopperRing.h">
      <Filter>Header Files\Main\Equipments</Filter>
    </ClInclude>
    <ClInclude Include="TestMain\Equipments\GoldRing.h">
      <Filter>Header Files\Main\Equipments</Filter>
    </ClInclude>
    <ClInclude Include="TestMain\Equipments\SilverRing.h">
      <Filter>Header Files\Main\Equipments</Filter>
    </ClInclude>
    <ClInclude Include="TestMain\Clothes\CuteSkirt.h">
      <Filter>Header Files\Main\Clothes</Filter>
    </ClInclude>
    <ClInclude Include="TestMain\Clothes\IronArmour.h">
      <Filter>Header Files\Main\Clothes</Filter>
    </ClInclude>
    <ClInclude Include="TestMain\Clothes\OldRobe.h">
      <Filter>Header Files\Main\Clothes</Filter>
    </ClInclude>
    <ClInclude Include="TestMain\Coins\GoldCoin.h">
      <Filter>Header Files\Main\Coins</Filter>
    </ClInclude>
    <ClInclude Include="TestMain\Coins\SilverCoin.h">
      <Filter>Header Files\Main\Coins</Filter>
    </ClInclude>
    <ClInclude Include="TestMain\Equipments\Equipments.h">
      <Filter>Header Files\Main\Equipments</Filter>
    </ClInclude>
    <ClInclude Include="TestMain\Clothes\Clothes.h">
      <Filter>Header Files\Main\Clothes</Filter>
    </ClInclude>
    <ClInclude Include="TestMain\Coins\Coins.h">
      <Filter>Header Files\Main\Coins</Filter>
    </ClInclude>
    <ClInclude Include="TestMain\Weapons\Weapons.h">
      <Filter>Header Files\Main\Weapons</Filter>
    </ClInclude>
    <ClInclude Include="TestMain\Potions\SuperHPPotion.h">
      <Filter>Header Files\Main\Potions</Filter>
    </ClInclude>
    <ClInclude Include="TestMain\Potions\SuperMPPotion.h">
      <Filter>Header Files\Main\Potions</Filter>
    </ClInclude>
  </ItemGroup>
  <ItemGroup>
    <None Include="README.md">
      <Filter>Source Files\Main</Filter>
    </None>
  </ItemGroup>
</Project>